
Microsoft Visual Studio Solution File, Format Version 12.00
# Visual Studio Version 16
VisualStudioVersion = 16.0.31624.102
MinimumVisualStudioVersion = 10.0.40219.1
Project("{FAE04EC0-301F-11D3-BF4B-00C04F79EFBC}") = "Funciones y procediminetos 2", "Funciones y procediminetos 2\Funciones y procediminetos 2.csproj", "{32964038-6D4A-48C6-B7B6-74BB522B8A71}"
EndProject
Global
	GlobalSection(SolutionConfigurationPlatforms) = preSolution
		Debug|Any CPU = Debug|Any CPU
		Release|Any CPU = Release|Any CPU
	EndGlobalSection
	GlobalSection(ProjectConfigurationPlatforms) = postSolution
		{32964038-6D4A-48C6-B7B6-74BB522B8A71}.Debug|Any CPU.ActiveCfg = Debug|Any CPU
		{32964038-6D4A-48C6-B7B6-74BB522B8A71}.Debug|Any CPU.Build.0 = Debug|Any CPU
		{32964038-6D4A-48C6-B7B6-74BB522B8A71}.Release|Any CPU.ActiveCfg = Release|Any CPU
		{32964038-6D4A-48C6-B7B6-74BB522B8A71}.Release|Any CPU.Build.0 = Release|Any CPU
	EndGlobalSection
	GlobalSection(SolutionProperties) = preSolution
		HideSolutionNode = FALSE
	EndGlobalSection
	GlobalSection(ExtensibilityGlobals) = postSolution
		SolutionGuid = {88A7C153-5D0B-48B6-ACB7-685F18B68B49}
	EndGlobalSection
EndGlobal
