
Microsoft Visual Studio Solution File, Format Version 12.00
# Visual Studio Version 16
VisualStudioVersion = 16.0.31624.102
MinimumVisualStudioVersion = 10.0.40219.1
Project("{FAE04EC0-301F-11D3-BF4B-00C04F79EFBC}") = "Funciones recursivas", "Funciones recursivas\Funciones recursivas.csproj", "{CEB54AC2-F64B-4B27-B05A-9406520CBFF7}"
EndProject
Global
	GlobalSection(SolutionConfigurationPlatforms) = preSolution
		Debug|Any CPU = Debug|Any CPU
		Release|Any CPU = Release|Any CPU
	EndGlobalSection
	GlobalSection(ProjectConfigurationPlatforms) = postSolution
		{CEB54AC2-F64B-4B27-B05A-9406520CBFF7}.Debug|Any CPU.ActiveCfg = Debug|Any CPU
		{CEB54AC2-F64B-4B27-B05A-9406520CBFF7}.Debug|Any CPU.Build.0 = Debug|Any CPU
		{CEB54AC2-F64B-4B27-B05A-9406520CBFF7}.Release|Any CPU.ActiveCfg = Release|Any CPU
		{CEB54AC2-F64B-4B27-B05A-9406520CBFF7}.Release|Any CPU.Build.0 = Release|Any CPU
	EndGlobalSection
	GlobalSection(SolutionProperties) = preSolution
		HideSolutionNode = FALSE
	EndGlobalSection
	GlobalSection(ExtensibilityGlobals) = postSolution
		SolutionGuid = {D5FED83C-8A1E-4D66-B4AC-0AFCB417ADC5}
	EndGlobalSection
EndGlobal
