
Microsoft Visual Studio Solution File, Format Version 12.00
# Visual Studio Version 16
VisualStudioVersion = 16.0.31702.278
MinimumVisualStudioVersion = 10.0.40219.1
Project("{FAE04EC0-301F-11D3-BF4B-00C04F79EFBC}") = "POO2", "POO2\POO2.csproj", "{BF69B25D-6C4E-46CC-B2D6-AFFFCA7E2179}"
EndProject
Global
	GlobalSection(SolutionConfigurationPlatforms) = preSolution
		Debug|Any CPU = Debug|Any CPU
		Release|Any CPU = Release|Any CPU
	EndGlobalSection
	GlobalSection(ProjectConfigurationPlatforms) = postSolution
		{BF69B25D-6C4E-46CC-B2D6-AFFFCA7E2179}.Debug|Any CPU.ActiveCfg = Debug|Any CPU
		{BF69B25D-6C4E-46CC-B2D6-AFFFCA7E2179}.Debug|Any CPU.Build.0 = Debug|Any CPU
		{BF69B25D-6C4E-46CC-B2D6-AFFFCA7E2179}.Release|Any CPU.ActiveCfg = Release|Any CPU
		{BF69B25D-6C4E-46CC-B2D6-AFFFCA7E2179}.Release|Any CPU.Build.0 = Release|Any CPU
	EndGlobalSection
	GlobalSection(SolutionProperties) = preSolution
		HideSolutionNode = FALSE
	EndGlobalSection
	GlobalSection(ExtensibilityGlobals) = postSolution
		SolutionGuid = {309567F3-C018-406F-A8B4-14F837C6B1C3}
	EndGlobalSection
EndGlobal
