
Microsoft Visual Studio Solution File, Format Version 12.00
# Visual Studio Version 16
VisualStudioVersion = 16.0.31624.102
MinimumVisualStudioVersion = 10.0.40219.1
Project("{FAE04EC0-301F-11D3-BF4B-00C04F79EFBC}") = "Arreglos", "Arreglos\Arreglos.csproj", "{6B4AE303-DDFB-4033-AFC1-BBD9A6777371}"
EndProject
Global
	GlobalSection(SolutionConfigurationPlatforms) = preSolution
		Debug|Any CPU = Debug|Any CPU
		Release|Any CPU = Release|Any CPU
	EndGlobalSection
	GlobalSection(ProjectConfigurationPlatforms) = postSolution
		{6B4AE303-DDFB-4033-AFC1-BBD9A6777371}.Debug|Any CPU.ActiveCfg = Debug|Any CPU
		{6B4AE303-DDFB-4033-AFC1-BBD9A6777371}.Debug|Any CPU.Build.0 = Debug|Any CPU
		{6B4AE303-DDFB-4033-AFC1-BBD9A6777371}.Release|Any CPU.ActiveCfg = Release|Any CPU
		{6B4AE303-DDFB-4033-AFC1-BBD9A6777371}.Release|Any CPU.Build.0 = Release|Any CPU
	EndGlobalSection
	GlobalSection(SolutionProperties) = preSolution
		HideSolutionNode = FALSE
	EndGlobalSection
	GlobalSection(ExtensibilityGlobals) = postSolution
		SolutionGuid = {84A95272-78CE-4FFF-A2B4-6415DABF1A88}
	EndGlobalSection
EndGlobal
